
Microsoft Visual Studio Solution File, Format Version 12.00
# Visual Studio Version 16
VisualStudioVersion = 16.0.31729.503
MinimumVisualStudioVersion = 10.0.40219.1
Project("{FAE04EC0-301F-11D3-BF4B-00C04F79EFBC}") = "DemoBranches", "DemoBranches\DemoBranches.csproj", "{AA868C44-2462-4EE7-9F2F-C870D031CB49}"
EndProject
Global
	GlobalSection(SolutionConfigurationPlatforms) = preSolution
		Debug|Any CPU = Debug|Any CPU
		Release|Any CPU = Release|Any CPU
	EndGlobalSection
	GlobalSection(ProjectConfigurationPlatforms) = postSolution
		{AA868C44-2462-4EE7-9F2F-C870D031CB49}.Debug|Any CPU.ActiveCfg = Debug|Any CPU
		{AA868C44-2462-4EE7-9F2F-C870D031CB49}.Debug|Any CPU.Build.0 = Debug|Any CPU
		{AA868C44-2462-4EE7-9F2F-C870D031CB49}.Release|Any CPU.ActiveCfg = Release|Any CPU
		{AA868C44-2462-4EE7-9F2F-C870D031CB49}.Release|Any CPU.Build.0 = Release|Any CPU
	EndGlobalSection
	GlobalSection(SolutionProperties) = preSolution
		HideSolutionNode = FALSE
	EndGlobalSection
	GlobalSection(ExtensibilityGlobals) = postSolution
		SolutionGuid = {72ECD467-9BAE-4A33-8903-A35F838BCF5E}
	EndGlobalSection
EndGlobal
